{
  "name": "@chio/openclaw-kernel",
  "version": "0.1.0",
  "lockfileVersion": 3,
  "requires": true,
  "packages": {
    "": {
      "name": "@chio/openclaw-kernel",
      "version": "0.1.0",
      "license": "Apache-2.0",
      "dependencies": {
        "@chio/bridge": "file:vendor/chio-bridge-0.3.0-68b5c466.tgz"
      },
      "bin": {
        "chio-openclaw-profile": "scripts/create-profile.mjs"
      },
      "engines": {
        "node": ">=22"
      }
    },
    "node_modules/@chio/bridge": {
      "version": "0.3.0",
      "resolved": "file:vendor/chio-bridge-0.3.0-68b5c466.tgz",
      "integrity": "sha512-5f9GgKbvTzGGdwXNjfMvDeQLuqYgZafqzkPTy6pgy8340/45Wb2Z68ubFmyQjaOZ85PgzHYESex2nSg2/XK+jw==",
      "bundleDependencies": [
        "@chio-protocol/sdk",
        "yaml",
        "zod"
      ],
      "license": "Apache-2.0",
      "dependencies": {
        "@chio-protocol/sdk": "0.1.1-rc.1",
        "yaml": "2.9.0",
        "zod": "3.25.76"
      },
      "bin": {
        "chio-doctor": "dist/doctor/bin.js",
        "chio-mcp-gateway": "dist/gateway.js",
        "chio-prepare-gateway": "dist/prepare-gateway.js"
      },
      "engines": {
        "node": ">=22"
      }
    },
    "node_modules/@chio/bridge/node_modules/@chio-protocol/sdk": {
      "version": "0.1.1-rc.1",
      "inBundle": true,
      "license": "Apache-2.0",
      "engines": {
        "node": ">=22"
      }
    },
    "node_modules/@chio/bridge/node_modules/yaml": {
      "version": "2.9.0",
      "inBundle": true,
      "license": "ISC",
      "bin": {
        "yaml": "bin.mjs"
      },
      "engines": {
        "node": ">= 14.6"
      },
      "funding": {
        "url": "https://github.com/sponsors/eemeli"
      }
    },
    "node_modules/@chio/bridge/node_modules/zod": {
      "version": "3.25.76",
      "inBundle": true,
      "license": "MIT",
      "funding": {
        "url": "https://github.com/sponsors/colinhacks"
      }
    }
  }
}
